
Microsoft Visual Studio Solution File, Format Version 12.00
# Visual Studio 2013
VisualStudioVersion = 12.0.21005.1
MinimumVisualStudioVersion = 10.0.40219.1
Project("{F184B08F-C81C-45F6-A57F-5ABD9991F28F}") = "NEXUS_Expand_SoftwareAssistant", "NEXUS_Expand_SoftwareAssistant\NEXUS_Expand_SoftwareAssistant.vbproj", "{82DBDD0D-3120-451D-A547-A380DFA80B19}"
EndProject
Project("{F184B08F-C81C-45F6-A57F-5ABD9991F28F}") = "NEXUS_Expand_GREAssistant", "NEXUS_Expand_GREAssistant\NEXUS_Expand_GREAssistant.vbproj", "{A38E06FD-9AAC-4BCF-9C3D-D76D432357CF}"
EndProject
Project("{F184B08F-C81C-45F6-A57F-5ABD9991F28F}") = "NEXUS_Expand_XLauncher", "NEXUS_Expand_XLauncher\NEXUS_Expand_XLauncher.vbproj", "{BBC46471-84EC-436E-83C2-0B210E2962C2}"
EndProject
Global
	GlobalSection(SolutionConfigurationPlatforms) = preSolution
		Debug|Any CPU = Debug|Any CPU
		Release|Any CPU = Release|Any CPU
	EndGlobalSection
	GlobalSection(ProjectConfigurationPlatforms) = postSolution
		{82DBDD0D-3120-451D-A547-A380DFA80B19}.Debug|Any CPU.ActiveCfg = Debug|Any CPU
		{82DBDD0D-3120-451D-A547-A380DFA80B19}.Debug|Any CPU.Build.0 = Debug|Any CPU
		{82DBDD0D-3120-451D-A547-A380DFA80B19}.Release|Any CPU.ActiveCfg = Release|Any CPU
		{82DBDD0D-3120-451D-A547-A380DFA80B19}.Release|Any CPU.Build.0 = Release|Any CPU
		{A38E06FD-9AAC-4BCF-9C3D-D76D432357CF}.Debug|Any CPU.ActiveCfg = Debug|Any CPU
		{A38E06FD-9AAC-4BCF-9C3D-D76D432357CF}.Debug|Any CPU.Build.0 = Debug|Any CPU
		{A38E06FD-9AAC-4BCF-9C3D-D76D432357CF}.Release|Any CPU.ActiveCfg = Release|Any CPU
		{A38E06FD-9AAC-4BCF-9C3D-D76D432357CF}.Release|Any CPU.Build.0 = Release|Any CPU
		{BBC46471-84EC-436E-83C2-0B210E2962C2}.Debug|Any CPU.ActiveCfg = Debug|Any CPU
		{BBC46471-84EC-436E-83C2-0B210E2962C2}.Debug|Any CPU.Build.0 = Debug|Any CPU
		{BBC46471-84EC-436E-83C2-0B210E2962C2}.Release|Any CPU.ActiveCfg = Release|Any CPU
		{BBC46471-84EC-436E-83C2-0B210E2962C2}.Release|Any CPU.Build.0 = Release|Any CPU
	EndGlobalSection
	GlobalSection(SolutionProperties) = preSolution
		HideSolutionNode = FALSE
	EndGlobalSection
EndGlobal
